{
  "version": 1,
  "dependencies": {
    ".NETStandard,Version=v2.0": {
      "FSharp.Core": {
        "type": "Direct",
        "requested": "[8.0.400-beta.24229.4, )",
        "resolved": "8.0.400-beta.24229.4",
        "contentHash": "elHsLWLRKPsNxDSYWlFYSm7rKP2wT6WHDbqVeBv/b9/8364H0UgDA8RqOUPvmBaCY5ISpWNIn4g4QofmDpCijg=="
      },
      "MinVer": {
        "type": "Direct",
        "requested": "[6.0.0, )",
        "resolved": "6.0.0",
        "contentHash": "+/SsmiySsXJlvQLCGBqaZKNVt3s/Y/HbAdwtop7Km2CnuZbaScoqkWJEBQ5Cy9ebkn6kCYKrHsXgwrFdTgcb3g=="
      },
      "NETStandard.Library": {
        "type": "Direct",
        "requested": "[2.0.3, )",
        "resolved": "2.0.3",
        "contentHash": "st47PosZSHrjECdjeIzZQbzivYBJFv6P2nv4cj2ypdI204DO+vZ7l5raGMiX4eXMJ53RfOIg+/s4DHVZ54Nu2A==",
        "dependencies": {
          "Microsoft.NETCore.Platforms": "1.1.0"
        }
      },
      "Microsoft.NETCore.Platforms": {
        "type": "Transitive",
        "resolved": "1.1.0",
        "contentHash": "kz0PEW2lhqygehI/d6XsPCQzD7ff7gUJaVGPVETX611eadGsA3A877GdSlU0LRVMCTH/+P3o2iDTak+S08V2+A=="
      }
    },
    "net8.0": {
      "FSharp.Core": {
        "type": "Direct",
        "requested": "[8.0.400-beta.24229.4, )",
        "resolved": "8.0.400-beta.24229.4",
        "contentHash": "elHsLWLRKPsNxDSYWlFYSm7rKP2wT6WHDbqVeBv/b9/8364H0UgDA8RqOUPvmBaCY5ISpWNIn4g4QofmDpCijg=="
      },
      "Microsoft.NET.ILLink.Tasks": {
        "type": "Direct",
        "requested": "[8.0.4, )",
        "resolved": "8.0.4",
        "contentHash": "PZb5nfQ+U19nhnmnR9T1jw+LTmozhuG2eeuzuW5A7DqxD/UXW2ucjmNJqnqOuh8rdPzM3MQXoF8AfFCedJdCUw=="
      },
      "MinVer": {
        "type": "Direct",
        "requested": "[6.0.0, )",
        "resolved": "6.0.0",
        "contentHash": "+/SsmiySsXJlvQLCGBqaZKNVt3s/Y/HbAdwtop7Km2CnuZbaScoqkWJEBQ5Cy9ebkn6kCYKrHsXgwrFdTgcb3g=="
      }
    },
    "net9.0": {
      "FSharp.Core": {
        "type": "Direct",
        "requested": "[8.0.400-beta.24229.4, )",
        "resolved": "8.0.400-beta.24229.4",
        "contentHash": "elHsLWLRKPsNxDSYWlFYSm7rKP2wT6WHDbqVeBv/b9/8364H0UgDA8RqOUPvmBaCY5ISpWNIn4g4QofmDpCijg=="
      },
      "Microsoft.NET.ILLink.Tasks": {
        "type": "Direct",
        "requested": "[9.0.0-preview.4.24266.19, )",
        "resolved": "9.0.0-preview.4.24266.19",
        "contentHash": "h+izO21pVwxzRW7+p+c/HhPYE8Bvwgpz+czySVLtEeg4Q+kXXkw/WcKvNIPEvRK96p+PMtbRFZCnvA9VMg4BZQ=="
      },
      "MinVer": {
        "type": "Direct",
        "requested": "[6.0.0, )",
        "resolved": "6.0.0",
        "contentHash": "+/SsmiySsXJlvQLCGBqaZKNVt3s/Y/HbAdwtop7Km2CnuZbaScoqkWJEBQ5Cy9ebkn6kCYKrHsXgwrFdTgcb3g=="
      }
    }
  }
}